# @generated - this file is auto-generated by `mise lock` https://mise.jdx.dev/dev-tools/mise-lock.html

[[tools."aqua:EmbarkStudios/cargo-deny"]]
version = "0.19.0"
backend = "aqua:EmbarkStudios/cargo-deny"

[tools."aqua:EmbarkStudios/cargo-deny"."platforms.linux-arm64"]
checksum = "sha256:2b3567a60b7491c159d1cef8b7d8479d1ad2a31e29ef49462634ad4552fcc77d"
url = "https://github.com/EmbarkStudios/cargo-deny/releases/download/0.19.0/cargo-deny-0.19.0-aarch64-unknown-linux-musl.tar.gz"

[tools."aqua:EmbarkStudios/cargo-deny"."platforms.linux-x64"]
checksum = "sha256:0e8c2aa59128612c90d9e09c02204e912f29a5b8d9a64671b94608cbe09e064f"
url = "https://github.com/EmbarkStudios/cargo-deny/releases/download/0.19.0/cargo-deny-0.19.0-x86_64-unknown-linux-musl.tar.gz"

[tools."aqua:EmbarkStudios/cargo-deny"."platforms.macos-arm64"]
checksum = "sha256:a22f2023c06f3eefd099a5d42dd828fd4fa74d1e1c167bd1dbc3cf59ad62ded0"
url = "https://github.com/EmbarkStudios/cargo-deny/releases/download/0.19.0/cargo-deny-0.19.0-aarch64-apple-darwin.tar.gz"

[tools."aqua:EmbarkStudios/cargo-deny"."platforms.macos-x64"]
checksum = "sha256:c42163655413f7e872638cd8c4345a327b512ef0ab99109e9cced691b95af5fb"
url = "https://github.com/EmbarkStudios/cargo-deny/releases/download/0.19.0/cargo-deny-0.19.0-x86_64-apple-darwin.tar.gz"

[tools."aqua:EmbarkStudios/cargo-deny"."platforms.windows-x64"]
checksum = "sha256:413f0e2ce780d0d14ba8e9339f9fb033419a8a971ec7714faec518e4a664bdb0"
url = "https://github.com/EmbarkStudios/cargo-deny/releases/download/0.19.0/cargo-deny-0.19.0-x86_64-pc-windows-msvc.tar.gz"

[[tools."aqua:superfly/flyctl"]]
version = "0.4.22"
backend = "aqua:superfly/flyctl"

[tools."aqua:superfly/flyctl"."platforms.linux-arm64"]
checksum = "sha256:a04f7cb5d4df70aa812148fcf8affbbc7ffcc04b97f3ef8ac8e1cb0119888c76"
url = "https://github.com/superfly/flyctl/releases/download/v0.4.22/flyctl_0.4.22_Linux_arm64.tar.gz"

[tools."aqua:superfly/flyctl"."platforms.linux-x64"]
checksum = "sha256:87c2543a85ee7614e60f65fde71cb4b65f931b5c427b0649c6156d509ef08b70"
url = "https://github.com/superfly/flyctl/releases/download/v0.4.22/flyctl_0.4.22_Linux_x86_64.tar.gz"

[tools."aqua:superfly/flyctl"."platforms.macos-arm64"]
checksum = "sha256:f9988b34605d1d5ea399a666e085a4673a4f913c084a13231f6921000ed39e79"
url = "https://github.com/superfly/flyctl/releases/download/v0.4.22/flyctl_0.4.22_macOS_arm64.tar.gz"

[tools."aqua:superfly/flyctl"."platforms.macos-x64"]
checksum = "sha256:5247d4fdd79daeaef59ac4bbe6f2b74a15de11147e35295f87b2d039a407b203"
url = "https://github.com/superfly/flyctl/releases/download/v0.4.22/flyctl_0.4.22_macOS_x86_64.tar.gz"

[tools."aqua:superfly/flyctl"."platforms.windows-x64"]
checksum = "sha256:942f3d38ad95196059ed82a7886a73b84bb5e7b66edd9e1f6dadc3cf6f69de5b"
url = "https://github.com/superfly/flyctl/releases/download/v0.4.22/flyctl_0.4.22_Windows_x86_64.zip"

[[tools."aqua:taiki-e/cargo-llvm-cov"]]
version = "0.8.4"
backend = "aqua:taiki-e/cargo-llvm-cov"

[tools."aqua:taiki-e/cargo-llvm-cov"."platforms.linux-arm64"]
checksum = "sha256:0364061fff9139f9a69badaf110d3e0035befb5ab7ec7a10b19c47af857316d2"
url = "https://github.com/taiki-e/cargo-llvm-cov/releases/download/v0.8.4/cargo-llvm-cov-aarch64-unknown-linux-musl.tar.gz"

[tools."aqua:taiki-e/cargo-llvm-cov"."platforms.linux-x64"]
checksum = "sha256:6ebea3153495c568651cbb893a7b93f5b648b2ba16415e8cd0a06106a4f80092"
url = "https://github.com/taiki-e/cargo-llvm-cov/releases/download/v0.8.4/cargo-llvm-cov-x86_64-unknown-linux-musl.tar.gz"

[tools."aqua:taiki-e/cargo-llvm-cov"."platforms.macos-arm64"]
checksum = "sha256:559c2475502b3e9c62e29230e32ecb77a8962f54c9ca32854e140fb436ec993e"
url = "https://github.com/taiki-e/cargo-llvm-cov/releases/download/v0.8.4/cargo-llvm-cov-aarch64-apple-darwin.tar.gz"

[tools."aqua:taiki-e/cargo-llvm-cov"."platforms.macos-x64"]
checksum = "sha256:f8abe297605aea79978b92e50862104c1ff934d42e14e7bcb02a50934e14a9c5"
url = "https://github.com/taiki-e/cargo-llvm-cov/releases/download/v0.8.4/cargo-llvm-cov-x86_64-apple-darwin.tar.gz"

[tools."aqua:taiki-e/cargo-llvm-cov"."platforms.windows-x64"]
checksum = "sha256:21fc84103910716b77b67f9d3d586426296135d81cb27e03d9d914b0078742a3"
url = "https://github.com/taiki-e/cargo-llvm-cov/releases/download/v0.8.4/cargo-llvm-cov-x86_64-pc-windows-msvc.tar.gz"

[[tools.cargo-binstall]]
version = "1.17.5"
backend = "aqua:cargo-bins/cargo-binstall"

[tools.cargo-binstall."platforms.linux-arm64"]
checksum = "sha256:6a82fd5207e0647fcb28fc8db30b0186a2e6223aaa5411a588f0573c77d620e3"
url = "https://github.com/cargo-bins/cargo-binstall/releases/download/v1.17.5/cargo-binstall-aarch64-unknown-linux-musl.tgz"

[tools.cargo-binstall."platforms.linux-x64"]
checksum = "sha256:c0f247726165afc445076a9d58cf3795512b6e5787ae469297a39b8c9e30a51f"
url = "https://github.com/cargo-bins/cargo-binstall/releases/download/v1.17.5/cargo-binstall-x86_64-unknown-linux-musl.tgz"

[tools.cargo-binstall."platforms.macos-arm64"]
checksum = "sha256:896e75a79773a11ad651649dce449a223ddd1dc718e687301988b46ee26fe58f"
url = "https://github.com/cargo-bins/cargo-binstall/releases/download/v1.17.5/cargo-binstall-aarch64-apple-darwin.zip"

[tools.cargo-binstall."platforms.macos-x64"]
checksum = "sha256:2471743078bbf1685e8493121b03c6555042690ea10661e0fddba647bceac13c"
url = "https://github.com/cargo-bins/cargo-binstall/releases/download/v1.17.5/cargo-binstall-x86_64-apple-darwin.zip"

[tools.cargo-binstall."platforms.windows-x64"]
checksum = "sha256:501697fe946b691d215600d144b53b696cc6fb03f3e1773f582b375672c26be6"
url = "https://github.com/cargo-bins/cargo-binstall/releases/download/v1.17.5/cargo-binstall-x86_64-pc-windows-msvc.zip"

[[tools."cargo:lychee"]]
version = "0.23.0"
backend = "cargo:lychee"

[[tools."github:nextest-rs/nextest"]]
version = "0.9.130"
backend = "github:nextest-rs/nextest"

[tools."github:nextest-rs/nextest".options]
version_prefix = "cargo-nextest-"

[tools."github:nextest-rs/nextest"."platforms.linux-arm64"]
checksum = "sha256:cca77f0b71dca2c82458294fc2b5992d8754c816e8b19ee64c76b3402e242e89"
url = "https://github.com/nextest-rs/nextest/releases/download/cargo-nextest-0.9.130/cargo-nextest-0.9.130-aarch64-unknown-linux-gnu.tar.gz"
url_api = "https://api.github.com/repos/nextest-rs/nextest/releases/assets/370478980"

[tools."github:nextest-rs/nextest"."platforms.linux-x64"]
checksum = "sha256:f7035798220352c839d7a1f861f4c730c2fbbc335f186807dde148dc9caf7e9c"
url = "https://github.com/nextest-rs/nextest/releases/download/cargo-nextest-0.9.130/cargo-nextest-0.9.130-x86_64-unknown-linux-gnu.tar.gz"
url_api = "https://api.github.com/repos/nextest-rs/nextest/releases/assets/370483119"

[tools."github:nextest-rs/nextest"."platforms.macos-arm64"]
checksum = "sha256:4c6621c7342f0939b51f926430e242d821cc9bedaed40e9a08bfa144a719b891"
url = "https://github.com/nextest-rs/nextest/releases/download/cargo-nextest-0.9.130/cargo-nextest-0.9.130-universal-apple-darwin.tar.gz"
url_api = "https://api.github.com/repos/nextest-rs/nextest/releases/assets/370481233"

[tools."github:nextest-rs/nextest"."platforms.macos-x64"]
checksum = "sha256:4c6621c7342f0939b51f926430e242d821cc9bedaed40e9a08bfa144a719b891"
url = "https://github.com/nextest-rs/nextest/releases/download/cargo-nextest-0.9.130/cargo-nextest-0.9.130-universal-apple-darwin.tar.gz"
url_api = "https://api.github.com/repos/nextest-rs/nextest/releases/assets/370481233"

[tools."github:nextest-rs/nextest"."platforms.windows-x64"]
checksum = "sha256:456991384d7ea44b9c29fd494f48399917102e8dab1bd9a45d824bc201b2f7c6"
url = "https://github.com/nextest-rs/nextest/releases/download/cargo-nextest-0.9.130/cargo-nextest-0.9.130-x86_64-pc-windows-msvc.zip"
url_api = "https://api.github.com/repos/nextest-rs/nextest/releases/assets/370489175"

[[tools.node]]
version = "24.14.0"
backend = "core:node"

[tools.node."platforms.linux-arm64"]
checksum = "sha256:f44740cd218de8127f1c44c41510a3a740fa5c9c8d1cdce1c3bedada79f3cde7"
url = "https://nodejs.org/dist/v24.14.0/node-v24.14.0-linux-arm64.tar.gz"

[tools.node."platforms.linux-x64"]
checksum = "sha256:dbf5b8665dec15e59e6359a517fefb47b23fdb9152d8def975b9bca3dfc6d355"
url = "https://nodejs.org/dist/v24.14.0/node-v24.14.0-linux-x64.tar.gz"

[tools.node."platforms.macos-arm64"]
checksum = "sha256:a1a54f46a750d2523d628d924aab61758a51c9dad3e0238beb14141be9615dd3"
url = "https://nodejs.org/dist/v24.14.0/node-v24.14.0-darwin-arm64.tar.gz"

[tools.node."platforms.macos-x64"]
checksum = "sha256:f2879eb810e25993a0578e5d878930266fd2eafcffe9f2839b3d8db354d4879e"
url = "https://nodejs.org/dist/v24.14.0/node-v24.14.0-darwin-x64.tar.gz"

[tools.node."platforms.windows-x64"]
checksum = "sha256:313fa40c0d7b18575821de8cb17483031fe07d95de5994f6f435f3b345f85c66"
url = "https://nodejs.org/dist/v24.14.0/node-v24.14.0-win-x64.zip"

[[tools."npm:wrangler"]]
version = "4.74.0"
backend = "npm:wrangler"

[[tools."npm:wrangler"]]
version = "4.75.0"
backend = "npm:wrangler"

[[tools."pipx:pre-commit"]]
version = "4.5.1"
backend = "pipx:pre-commit"

[[tools.python]]
version = "3.14.3"
backend = "core:python"

[tools.python."platforms.linux-arm64"]
checksum = "sha256:be0f4dc2932f762292b27d46ea7d3e8e66ddf3969a5eb0254a229015ed402625"
url = "https://github.com/astral-sh/python-build-standalone/releases/download/20260303/cpython-3.14.3+20260303-aarch64-unknown-linux-gnu-install_only_stripped.tar.gz"

[tools.python."platforms.linux-x64"]
checksum = "sha256:0a73413f89efd417871876c9accaab28a9d1e3cd6358fbfff171a38ec99302f0"
url = "https://github.com/astral-sh/python-build-standalone/releases/download/20260303/cpython-3.14.3+20260303-x86_64-unknown-linux-gnu-install_only_stripped.tar.gz"

[tools.python."platforms.macos-arm64"]
checksum = "sha256:4703cdf18b26798fde7b49b6b66149674c25f97127be6a10dbcf29309bdcdcdb"
url = "https://github.com/astral-sh/python-build-standalone/releases/download/20260303/cpython-3.14.3+20260303-aarch64-apple-darwin-install_only_stripped.tar.gz"

[tools.python."platforms.macos-x64"]
checksum = "sha256:76f1cc26e3d262eae8ca546a93e8bded10cf0323613f7e246fea2e10a8115eb7"
url = "https://github.com/astral-sh/python-build-standalone/releases/download/20260303/cpython-3.14.3+20260303-x86_64-apple-darwin-install_only_stripped.tar.gz"

[tools.python."platforms.windows-x64"]
checksum = "sha256:950c5f21a015c1bdd1337f233456df2470fab71e4d794407d27a84cb8b9909a0"
url = "https://github.com/astral-sh/python-build-standalone/releases/download/20260303/cpython-3.14.3+20260303-x86_64-pc-windows-msvc-install_only_stripped.tar.gz"
