# @generated - this file is auto-generated by `mise lock` https://mise.en.dev/dev-tools/mise-lock.html

[[tools."aqua:EmbarkStudios/cargo-deny"]]
version = "0.19.0"
backend = "aqua:EmbarkStudios/cargo-deny"

[tools."aqua:EmbarkStudios/cargo-deny"."platforms.linux-arm64"]
checksum = "sha256:2b3567a60b7491c159d1cef8b7d8479d1ad2a31e29ef49462634ad4552fcc77d"
url = "https://github.com/EmbarkStudios/cargo-deny/releases/download/0.19.0/cargo-deny-0.19.0-aarch64-unknown-linux-musl.tar.gz"

[tools."aqua:EmbarkStudios/cargo-deny"."platforms.linux-arm64-musl"]
checksum = "sha256:2b3567a60b7491c159d1cef8b7d8479d1ad2a31e29ef49462634ad4552fcc77d"
url = "https://github.com/EmbarkStudios/cargo-deny/releases/download/0.19.0/cargo-deny-0.19.0-aarch64-unknown-linux-musl.tar.gz"

[tools."aqua:EmbarkStudios/cargo-deny"."platforms.linux-x64"]
checksum = "sha256:0e8c2aa59128612c90d9e09c02204e912f29a5b8d9a64671b94608cbe09e064f"
url = "https://github.com/EmbarkStudios/cargo-deny/releases/download/0.19.0/cargo-deny-0.19.0-x86_64-unknown-linux-musl.tar.gz"

[tools."aqua:EmbarkStudios/cargo-deny"."platforms.linux-x64-musl"]
checksum = "sha256:0e8c2aa59128612c90d9e09c02204e912f29a5b8d9a64671b94608cbe09e064f"
url = "https://github.com/EmbarkStudios/cargo-deny/releases/download/0.19.0/cargo-deny-0.19.0-x86_64-unknown-linux-musl.tar.gz"

[tools."aqua:EmbarkStudios/cargo-deny"."platforms.macos-arm64"]
checksum = "sha256:a22f2023c06f3eefd099a5d42dd828fd4fa74d1e1c167bd1dbc3cf59ad62ded0"
url = "https://github.com/EmbarkStudios/cargo-deny/releases/download/0.19.0/cargo-deny-0.19.0-aarch64-apple-darwin.tar.gz"

[tools."aqua:EmbarkStudios/cargo-deny"."platforms.macos-x64"]
checksum = "sha256:c42163655413f7e872638cd8c4345a327b512ef0ab99109e9cced691b95af5fb"
url = "https://github.com/EmbarkStudios/cargo-deny/releases/download/0.19.0/cargo-deny-0.19.0-x86_64-apple-darwin.tar.gz"

[tools."aqua:EmbarkStudios/cargo-deny"."platforms.windows-x64"]
checksum = "sha256:413f0e2ce780d0d14ba8e9339f9fb033419a8a971ec7714faec518e4a664bdb0"
url = "https://github.com/EmbarkStudios/cargo-deny/releases/download/0.19.0/cargo-deny-0.19.0-x86_64-pc-windows-msvc.tar.gz"

[[tools."aqua:superfly/flyctl"]]
version = "0.4.57"
backend = "aqua:superfly/flyctl"

[tools."aqua:superfly/flyctl"."platforms.linux-arm64"]
checksum = "sha256:03b627452fd6b0f9165b65e7cf4970fd4c999140e00897e73e445f93f7179740"
url = "https://github.com/superfly/flyctl/releases/download/v0.4.57/flyctl_0.4.57_Linux_arm64.tar.gz"

[tools."aqua:superfly/flyctl"."platforms.linux-arm64-musl"]
checksum = "sha256:03b627452fd6b0f9165b65e7cf4970fd4c999140e00897e73e445f93f7179740"
url = "https://github.com/superfly/flyctl/releases/download/v0.4.57/flyctl_0.4.57_Linux_arm64.tar.gz"

[tools."aqua:superfly/flyctl"."platforms.linux-x64"]
checksum = "sha256:5e2b881834c3d01e44d8415a1b77006260c267e34d0e33cfffd012cf48990133"
url = "https://github.com/superfly/flyctl/releases/download/v0.4.57/flyctl_0.4.57_Linux_x86_64.tar.gz"

[tools."aqua:superfly/flyctl"."platforms.linux-x64-musl"]
checksum = "sha256:5e2b881834c3d01e44d8415a1b77006260c267e34d0e33cfffd012cf48990133"
url = "https://github.com/superfly/flyctl/releases/download/v0.4.57/flyctl_0.4.57_Linux_x86_64.tar.gz"

[tools."aqua:superfly/flyctl"."platforms.macos-arm64"]
checksum = "sha256:a08324e36f824323714f7dbb522ece64c74e9c241254bbe0cd483c3dbca375b8"
url = "https://github.com/superfly/flyctl/releases/download/v0.4.57/flyctl_0.4.57_macOS_arm64.tar.gz"

[tools."aqua:superfly/flyctl"."platforms.macos-x64"]
checksum = "sha256:a490c1f83495869c3f0355926be31293e36ac931839d35cbebebcd09f27d9820"
url = "https://github.com/superfly/flyctl/releases/download/v0.4.57/flyctl_0.4.57_macOS_x86_64.tar.gz"

[tools."aqua:superfly/flyctl"."platforms.windows-x64"]
checksum = "sha256:9754c6c7de32d145c3799f4ac518e1b01e3483164bef64b9fb0c1195017983c7"
url = "https://github.com/superfly/flyctl/releases/download/v0.4.57/flyctl_0.4.57_Windows_x86_64.zip"

[[tools."aqua:taiki-e/cargo-llvm-cov"]]
version = "0.8.5"
backend = "aqua:taiki-e/cargo-llvm-cov"

[tools."aqua:taiki-e/cargo-llvm-cov"."platforms.linux-arm64"]
checksum = "sha256:bc14a4551e633b12ec89bb15469e6099b4ddc998a5d1bcad0fd95320b148a40f"
url = "https://github.com/taiki-e/cargo-llvm-cov/releases/download/v0.8.5/cargo-llvm-cov-aarch64-unknown-linux-musl.tar.gz"

[tools."aqua:taiki-e/cargo-llvm-cov"."platforms.linux-arm64-musl"]
checksum = "sha256:bc14a4551e633b12ec89bb15469e6099b4ddc998a5d1bcad0fd95320b148a40f"
url = "https://github.com/taiki-e/cargo-llvm-cov/releases/download/v0.8.5/cargo-llvm-cov-aarch64-unknown-linux-musl.tar.gz"

[tools."aqua:taiki-e/cargo-llvm-cov"."platforms.linux-x64"]
checksum = "sha256:e9fc23dbbdc502ee9267544f8c6e8e162c6d7df8fb2e3f62d8289a4c0bd240ce"
url = "https://github.com/taiki-e/cargo-llvm-cov/releases/download/v0.8.5/cargo-llvm-cov-x86_64-unknown-linux-musl.tar.gz"

[tools."aqua:taiki-e/cargo-llvm-cov"."platforms.linux-x64-musl"]
checksum = "sha256:e9fc23dbbdc502ee9267544f8c6e8e162c6d7df8fb2e3f62d8289a4c0bd240ce"
url = "https://github.com/taiki-e/cargo-llvm-cov/releases/download/v0.8.5/cargo-llvm-cov-x86_64-unknown-linux-musl.tar.gz"

[tools."aqua:taiki-e/cargo-llvm-cov"."platforms.macos-arm64"]
checksum = "sha256:816b6ff2c23ba569327d153189d7434afd501fc873cc0f5fbb0cfe412b97bc22"
url = "https://github.com/taiki-e/cargo-llvm-cov/releases/download/v0.8.5/cargo-llvm-cov-aarch64-apple-darwin.tar.gz"

[tools."aqua:taiki-e/cargo-llvm-cov"."platforms.macos-x64"]
checksum = "sha256:b8598f0ea19900f6dea3b3fd4214f1de96f1bff47eaa32a775643fc402cabad0"
url = "https://github.com/taiki-e/cargo-llvm-cov/releases/download/v0.8.5/cargo-llvm-cov-x86_64-apple-darwin.tar.gz"

[tools."aqua:taiki-e/cargo-llvm-cov"."platforms.windows-x64"]
checksum = "sha256:900bf64274c7cd865e816ee9859e24a14ee84e7277ad1632d1875ea81b6bc787"
url = "https://github.com/taiki-e/cargo-llvm-cov/releases/download/v0.8.5/cargo-llvm-cov-x86_64-pc-windows-msvc.tar.gz"

[[tools.cargo-binstall]]
version = "1.17.6"
backend = "aqua:cargo-bins/cargo-binstall"

[tools.cargo-binstall."platforms.linux-arm64"]
checksum = "sha256:e5f2c4b79b10370dff707b86a14e7a0ad399c5dc5853824e933432910741992c"
url = "https://github.com/cargo-bins/cargo-binstall/releases/download/v1.17.6/cargo-binstall-aarch64-unknown-linux-musl.tgz"

[tools.cargo-binstall."platforms.linux-arm64-musl"]
checksum = "sha256:e5f2c4b79b10370dff707b86a14e7a0ad399c5dc5853824e933432910741992c"
url = "https://github.com/cargo-bins/cargo-binstall/releases/download/v1.17.6/cargo-binstall-aarch64-unknown-linux-musl.tgz"

[tools.cargo-binstall."platforms.linux-x64"]
checksum = "sha256:f926d96e9f0822ded35c4ac2071ce190bd1311565695c49c45e295de0d685aaa"
url = "https://github.com/cargo-bins/cargo-binstall/releases/download/v1.17.6/cargo-binstall-x86_64-unknown-linux-musl.tgz"

[tools.cargo-binstall."platforms.linux-x64-musl"]
checksum = "sha256:f926d96e9f0822ded35c4ac2071ce190bd1311565695c49c45e295de0d685aaa"
url = "https://github.com/cargo-bins/cargo-binstall/releases/download/v1.17.6/cargo-binstall-x86_64-unknown-linux-musl.tgz"

[tools.cargo-binstall."platforms.macos-arm64"]
checksum = "sha256:101447fa30a723ca8e1a13cec11bb1350b7179331b2aa7054d27bef7a3e19021"
url = "https://github.com/cargo-bins/cargo-binstall/releases/download/v1.17.6/cargo-binstall-aarch64-apple-darwin.zip"

[tools.cargo-binstall."platforms.macos-x64"]
checksum = "sha256:cd07fd79e2848b13b994e3f83fa5377b631625b847f0734219f2706feb518258"
url = "https://github.com/cargo-bins/cargo-binstall/releases/download/v1.17.6/cargo-binstall-x86_64-apple-darwin.zip"

[tools.cargo-binstall."platforms.windows-x64"]
checksum = "sha256:5fcbddde2d415704d2432bbe606a5767ddaf1ef4ee2c16b7828f8be2ed1e5a5c"
url = "https://github.com/cargo-bins/cargo-binstall/releases/download/v1.17.6/cargo-binstall-x86_64-pc-windows-msvc.zip"

[[tools."cargo:lychee"]]
version = "0.23.0"
backend = "cargo:lychee"

[[tools."github:nextest-rs/nextest"]]
version = "0.9.132"
backend = "github:nextest-rs/nextest"

[tools."github:nextest-rs/nextest".options]
version_prefix = "cargo-nextest-"

[tools."github:nextest-rs/nextest"."platforms.linux-arm64"]
checksum = "sha256:592db3fa3d3ee62f109dc149554811eb8ecdc68e1514be5af79986b1560e2e0d"
url = "https://github.com/nextest-rs/nextest/releases/download/cargo-nextest-0.9.132/cargo-nextest-0.9.132-aarch64-unknown-linux-gnu.tar.gz"
url_api = "https://api.github.com/repos/nextest-rs/nextest/releases/assets/378265378"

[tools."github:nextest-rs/nextest"."platforms.linux-arm64-musl"]
checksum = "sha256:2497ddfd2a0c6805f7c5514ff680c6ca9c1ffc5b9ab30af43e85830b768c129a"
url = "https://github.com/nextest-rs/nextest/releases/download/cargo-nextest-0.9.132/cargo-nextest-0.9.132-aarch64-unknown-linux-musl.tar.gz"
url_api = "https://api.github.com/repos/nextest-rs/nextest/releases/assets/378262319"

[tools."github:nextest-rs/nextest"."platforms.linux-x64"]
checksum = "sha256:e22f14ecaff5519dbfe521e8717d64e9989648bddc23eb1f71bb0053518a52e7"
url = "https://github.com/nextest-rs/nextest/releases/download/cargo-nextest-0.9.132/cargo-nextest-0.9.132-x86_64-unknown-linux-gnu.tar.gz"
url_api = "https://api.github.com/repos/nextest-rs/nextest/releases/assets/378261972"

[tools."github:nextest-rs/nextest"."platforms.linux-x64-musl"]
checksum = "sha256:5e93f3b4244e2f8bffe5818b2a7cbd6a59f32d262dcb6017905e345cc74227af"
url = "https://github.com/nextest-rs/nextest/releases/download/cargo-nextest-0.9.132/cargo-nextest-0.9.132-x86_64-unknown-linux-musl.tar.gz"
url_api = "https://api.github.com/repos/nextest-rs/nextest/releases/assets/378263064"

[tools."github:nextest-rs/nextest"."platforms.macos-arm64"]
checksum = "sha256:6ce5c844ae3cdac3f6f42fd86bf71a8bf99aecd76bab9f6743c808223d31fad1"
url = "https://github.com/nextest-rs/nextest/releases/download/cargo-nextest-0.9.132/cargo-nextest-0.9.132-universal-apple-darwin.tar.gz"
url_api = "https://api.github.com/repos/nextest-rs/nextest/releases/assets/378264494"

[tools."github:nextest-rs/nextest"."platforms.macos-x64"]
checksum = "sha256:6ce5c844ae3cdac3f6f42fd86bf71a8bf99aecd76bab9f6743c808223d31fad1"
url = "https://github.com/nextest-rs/nextest/releases/download/cargo-nextest-0.9.132/cargo-nextest-0.9.132-universal-apple-darwin.tar.gz"
url_api = "https://api.github.com/repos/nextest-rs/nextest/releases/assets/378264494"

[tools."github:nextest-rs/nextest"."platforms.windows-x64"]
checksum = "sha256:c43a93b3c3c77d17e77be5001a82a3f1f13b09e9ae31b13822ea9cd629bd0e7d"
url = "https://github.com/nextest-rs/nextest/releases/download/cargo-nextest-0.9.132/cargo-nextest-0.9.132-x86_64-pc-windows-msvc.zip"
url_api = "https://api.github.com/repos/nextest-rs/nextest/releases/assets/378264922"

[[tools.node]]
version = "24.14.0"
backend = "core:node"

[tools.node."platforms.linux-arm64"]
checksum = "sha256:f44740cd218de8127f1c44c41510a3a740fa5c9c8d1cdce1c3bedada79f3cde7"
url = "https://nodejs.org/dist/v24.14.0/node-v24.14.0-linux-arm64.tar.gz"

[tools.node."platforms.linux-arm64-musl"]
checksum = "sha256:f44740cd218de8127f1c44c41510a3a740fa5c9c8d1cdce1c3bedada79f3cde7"
url = "https://nodejs.org/dist/v24.14.0/node-v24.14.0-linux-arm64.tar.gz"

[tools.node."platforms.linux-x64"]
checksum = "sha256:dbf5b8665dec15e59e6359a517fefb47b23fdb9152d8def975b9bca3dfc6d355"
url = "https://nodejs.org/dist/v24.14.0/node-v24.14.0-linux-x64.tar.gz"

[tools.node."platforms.linux-x64-musl"]
checksum = "sha256:dbf5b8665dec15e59e6359a517fefb47b23fdb9152d8def975b9bca3dfc6d355"
url = "https://nodejs.org/dist/v24.14.0/node-v24.14.0-linux-x64.tar.gz"

[tools.node."platforms.macos-arm64"]
checksum = "sha256:a1a54f46a750d2523d628d924aab61758a51c9dad3e0238beb14141be9615dd3"
url = "https://nodejs.org/dist/v24.14.0/node-v24.14.0-darwin-arm64.tar.gz"

[tools.node."platforms.macos-x64"]
checksum = "sha256:f2879eb810e25993a0578e5d878930266fd2eafcffe9f2839b3d8db354d4879e"
url = "https://nodejs.org/dist/v24.14.0/node-v24.14.0-darwin-x64.tar.gz"

[tools.node."platforms.windows-x64"]
checksum = "sha256:313fa40c0d7b18575821de8cb17483031fe07d95de5994f6f435f3b345f85c66"
url = "https://nodejs.org/dist/v24.14.0/node-v24.14.0-win-x64.zip"

[[tools."npm:wrangler"]]
version = "4.98.0"
backend = "npm:wrangler"

[[tools."pipx:pre-commit"]]
version = "4.5.1"
backend = "pipx:pre-commit"

[[tools.python]]
version = "3.14.3"
backend = "core:python"

[tools.python."platforms.linux-arm64"]
checksum = "sha256:53700338695e402a1a1fe22be4a41fbdacc70e22bb308a48eca8ed67cb7992be"
url = "https://github.com/astral-sh/python-build-standalone/releases/download/20260324/cpython-3.14.3+20260324-aarch64-unknown-linux-gnu-install_only_stripped.tar.gz"

[tools.python."platforms.linux-arm64-musl"]
checksum = "sha256:53700338695e402a1a1fe22be4a41fbdacc70e22bb308a48eca8ed67cb7992be"
url = "https://github.com/astral-sh/python-build-standalone/releases/download/20260324/cpython-3.14.3+20260324-aarch64-unknown-linux-gnu-install_only_stripped.tar.gz"

[tools.python."platforms.linux-x64"]
checksum = "sha256:d7a9f970914bb4c88756fe3bdcc186d4feb90e9500e54f1db47dae4dc9687e39"
url = "https://github.com/astral-sh/python-build-standalone/releases/download/20260324/cpython-3.14.3+20260324-x86_64-unknown-linux-gnu-install_only_stripped.tar.gz"

[tools.python."platforms.linux-x64-musl"]
checksum = "sha256:d7a9f970914bb4c88756fe3bdcc186d4feb90e9500e54f1db47dae4dc9687e39"
url = "https://github.com/astral-sh/python-build-standalone/releases/download/20260324/cpython-3.14.3+20260324-x86_64-unknown-linux-gnu-install_only_stripped.tar.gz"

[tools.python."platforms.macos-arm64"]
checksum = "sha256:c43aecde4a663aebff99b9b83da0efec506479f1c3f98331442f33d2c43501f9"
url = "https://github.com/astral-sh/python-build-standalone/releases/download/20260324/cpython-3.14.3+20260324-aarch64-apple-darwin-install_only_stripped.tar.gz"

[tools.python."platforms.macos-x64"]
checksum = "sha256:9ab41dbc2f100a2a45d1833b9c11165f51051c558b5213eda9a9731d5948a0c0"
url = "https://github.com/astral-sh/python-build-standalone/releases/download/20260324/cpython-3.14.3+20260324-x86_64-apple-darwin-install_only_stripped.tar.gz"

[tools.python."platforms.windows-x64"]
checksum = "sha256:bbe19034b35b0267176a7442575ae7dc6343480fd4d35598cb7700173d431e09"
url = "https://github.com/astral-sh/python-build-standalone/releases/download/20260324/cpython-3.14.3+20260324-x86_64-pc-windows-msvc-install_only_stripped.tar.gz"
